// !$*UTF8*$!
{
	archiveVersion = 1;
	classes = {
	};
	objectVersion = 46;
	objects = {

/* Begin PBXBuildFile section */
		2508913118EC0B9100F4986A /* audio.c in Sources */ = {isa = PBXBuildFile; fileRef = 2508912618EC0B9100F4986A /* audio.c */; };
		2508913218EC0B9100F4986A /* jukebox.c in Sources */ = {isa = PBXBuildFile; fileRef = 2508912918EC0B9100F4986A /* jukebox.c */; };
		2508913418EC0B9100F4986A /* helper.c in Sources */ = {isa = PBXBuildFile; fileRef = 2508912E18EC0B9100F4986A /* helper.c */; };
		2542BC6F18EDD917004F4982 /* globals.c in Sources */ = {isa = PBXBuildFile; fileRef = 2542BC6E18EDD917004F4982 /* globals.c */; };
		2542BC7618EDDB2B004F4982 /* container-callbacks.c in Sources */ = {isa = PBXBuildFile; fileRef = 2542BC7518EDDB2B004F4982 /* container-callbacks.c */; };
		2542BC7818EDDBC4004F4982 /* playlist-callbacks.c in Sources */ = {isa = PBXBuildFile; fileRef = 2542BC7718EDDBC4004F4982 /* playlist-callbacks.c */; };
		2545DCA118ED4C2F0021C445 /* sp-callbacks.c in Sources */ = {isa = PBXBuildFile; fileRef = 2545DCA018ED4C2F0021C445 /* sp-callbacks.c */; };
		2545DCA818ED4D270021C445 /* ws-callbacks.c in Sources */ = {isa = PBXBuildFile; fileRef = 2545DCA718ED4D270021C445 /* ws-callbacks.c */; };
		25EE6EE418F1DC01000B4389 /* requests.c in Sources */ = {isa = PBXBuildFile; fileRef = 25EE6EE318F1DC01000B4389 /* requests.c */; };
		25FA6FA118EB4E0C00CCC3EC /* diff.c in Sources */ = {isa = PBXBuildFile; fileRef = 25FA6F7A18EB31B100CCC3EC /* diff.c */; };
		25FA6FA218EB4E0C00CCC3EC /* json.c in Sources */ = {isa = PBXBuildFile; fileRef = 25FA6F7C18EB31B100CCC3EC /* json.c */; };
		25FA6FA318EB4E0C00CCC3EC /* main.c in Sources */ = {isa = PBXBuildFile; fileRef = 25FA6F7E18EB31B100CCC3EC /* main.c */; };
		25FA6FA418EB4E0C00CCC3EC /* server.c in Sources */ = {isa = PBXBuildFile; fileRef = 25FA6F8118EB31B100CCC3EC /* server.c */; };
		25FD999518F47AF500924199 /* alsa-audio.c in Sources */ = {isa = PBXBuildFile; fileRef = 25FD999418F47AF500924199 /* alsa-audio.c */; };
/* End PBXBuildFile section */

/* Begin PBXFileReference section */
		2508912618EC0B9100F4986A /* audio.c */ = {isa = PBXFileReference; fileEncoding = 4; lastKnownFileType = sourcecode.c.c; path = audio.c; sourceTree = "<group>"; };
		2508912718EC0B9100F4986A /* audio.h */ = {isa = PBXFileReference; fileEncoding = 4; lastKnownFileType = sourcecode.c.h; path = audio.h; sourceTree = "<group>"; };
		2508912918EC0B9100F4986A /* jukebox.c */ = {isa = PBXFileReference; fileEncoding = 4; lastKnownFileType = sourcecode.c.c; path = jukebox.c; sourceTree = "<group>"; };
		2508912D18EC0B9100F4986A /* queue.h */ = {isa = PBXFileReference; fileEncoding = 4; lastKnownFileType = sourcecode.c.h; path = queue.h; sourceTree = "<group>"; };
		2508912E18EC0B9100F4986A /* helper.c */ = {isa = PBXFileReference; fileEncoding = 4; lastKnownFileType = sourcecode.c.c; path = helper.c; sourceTree = "<group>"; };
		2508912F18EC0B9100F4986A /* helper.h */ = {isa = PBXFileReference; fileEncoding = 4; lastKnownFileType = sourcecode.c.h; path = helper.h; sourceTree = "<group>"; };
		2508913718EC0EEB00F4986A /* jukebox.h */ = {isa = PBXFileReference; lastKnownFileType = sourcecode.c.h; path = jukebox.h; sourceTree = "<group>"; };
		2542BC6E18EDD917004F4982 /* globals.c */ = {isa = PBXFileReference; fileEncoding = 4; lastKnownFileType = sourcecode.c.c; path = globals.c; sourceTree = "<group>"; };
		2542BC7218EDDB17004F4982 /* container-callbacks.h */ = {isa = PBXFileReference; lastKnownFileType = sourcecode.c.h; path = "container-callbacks.h"; sourceTree = "<group>"; };
		2542BC7518EDDB2B004F4982 /* container-callbacks.c */ = {isa = PBXFileReference; fileEncoding = 4; lastKnownFileType = sourcecode.c.c; path = "container-callbacks.c"; sourceTree = "<group>"; };
		2542BC7718EDDBC4004F4982 /* playlist-callbacks.c */ = {isa = PBXFileReference; fileEncoding = 4; lastKnownFileType = sourcecode.c.c; path = "playlist-callbacks.c"; sourceTree = "<group>"; };
		2542BC7918EDDBD5004F4982 /* playlist-callbacks.h */ = {isa = PBXFileReference; lastKnownFileType = sourcecode.c.h; path = "playlist-callbacks.h"; sourceTree = "<group>"; };
		2545DC9F18EC7D4D0021C445 /* start */ = {isa = PBXFileReference; lastKnownFileType = text; path = start; sourceTree = "<group>"; };
		2545DCA018ED4C2F0021C445 /* sp-callbacks.c */ = {isa = PBXFileReference; fileEncoding = 4; lastKnownFileType = sourcecode.c.c; path = "sp-callbacks.c"; sourceTree = "<group>"; };
		2545DCA218ED4C410021C445 /* sp-callbacks.h */ = {isa = PBXFileReference; lastKnownFileType = sourcecode.c.h; path = "sp-callbacks.h"; sourceTree = "<group>"; };
		2545DCA718ED4D270021C445 /* ws-callbacks.c */ = {isa = PBXFileReference; fileEncoding = 4; lastKnownFileType = sourcecode.c.c; path = "ws-callbacks.c"; sourceTree = "<group>"; };
		2545DCA918ED4D3F0021C445 /* ws-callbacks.h */ = {isa = PBXFileReference; lastKnownFileType = sourcecode.c.h; path = "ws-callbacks.h"; sourceTree = "<group>"; };
		2545DCAA18ED523D0021C445 /* state.h */ = {isa = PBXFileReference; lastKnownFileType = sourcecode.c.h; path = state.h; sourceTree = "<group>"; };
		25EE6EE218F1DBF5000B4389 /* requests.h */ = {isa = PBXFileReference; lastKnownFileType = sourcecode.c.h; path = requests.h; sourceTree = "<group>"; };
		25EE6EE318F1DC01000B4389 /* requests.c */ = {isa = PBXFileReference; fileEncoding = 4; lastKnownFileType = sourcecode.c.c; path = requests.c; sourceTree = "<group>"; };
		25FA6F7918EB31B100CCC3EC /* globals.h */ = {isa = PBXFileReference; lastKnownFileType = sourcecode.c.h; path = globals.h; sourceTree = "<group>"; };
		25FA6F7A18EB31B100CCC3EC /* diff.c */ = {isa = PBXFileReference; lastKnownFileType = sourcecode.c.c; path = diff.c; sourceTree = "<group>"; };
		25FA6F7C18EB31B100CCC3EC /* json.c */ = {isa = PBXFileReference; lastKnownFileType = sourcecode.c.c; path = json.c; sourceTree = "<group>"; };
		25FA6F7D18EB31B100CCC3EC /* json.h */ = {isa = PBXFileReference; lastKnownFileType = sourcecode.c.h; path = json.h; sourceTree = "<group>"; };
		25FA6F7E18EB31B100CCC3EC /* main.c */ = {isa = PBXFileReference; lastKnownFileType = sourcecode.c.c; path = main.c; sourceTree = "<group>"; };
		25FA6F7F18EB31B100CCC3EC /* Makefile */ = {isa = PBXFileReference; lastKnownFileType = sourcecode.make; path = Makefile; sourceTree = "<group>"; };
		25FA6F8118EB31B100CCC3EC /* server.c */ = {isa = PBXFileReference; lastKnownFileType = sourcecode.c.c; path = server.c; sourceTree = "<group>"; };
		25FA6F8218EB31B100CCC3EC /* server.h */ = {isa = PBXFileReference; lastKnownFileType = sourcecode.c.h; path = server.h; sourceTree = "<group>"; };
		25FA6F9318EB4DE900CCC3EC /* webserver */ = {isa = PBXFileReference; explicitFileType = "compiled.mach-o.executable"; includeInIndex = 0; path = webserver; sourceTree = BUILT_PRODUCTS_DIR; };
		25FD999418F47AF500924199 /* alsa-audio.c */ = {isa = PBXFileReference; fileEncoding = 4; lastKnownFileType = sourcecode.c.c; path = "alsa-audio.c"; sourceTree = "<group>"; };
/* End PBXFileReference section */

/* Begin PBXFrameworksBuildPhase section */
		25FA6F9018EB4DE900CCC3EC /* Frameworks */ = {
			isa = PBXFrameworksBuildPhase;
			buildActionMask = 2147483647;
			files = (
			);
			runOnlyForDeploymentPostprocessing = 0;
		};
/* End PBXFrameworksBuildPhase section */

/* Begin PBXGroup section */
		2508912118EC0A8600F4986A /* Source */ = {
			isa = PBXGroup;
			children = (
				2508913818EC1DAF00F4986A /* Helper */,
				2508912318EC0ADA00F4986A /* Jukebox */,
				2508912218EC0AC900F4986A /* Webserver */,
				2545DCA618ED4C7A0021C445 /* Callbacks */,
				25FA6F7E18EB31B100CCC3EC /* main.c */,
			);
			name = Source;
			sourceTree = "<group>";
		};
		2508912218EC0AC900F4986A /* Webserver */ = {
			isa = PBXGroup;
			children = (
				2545DCAA18ED523D0021C445 /* state.h */,
				25FA6F7A18EB31B100CCC3EC /* diff.c */,
				25FA6F8218EB31B100CCC3EC /* server.h */,
				25FA6F8118EB31B100CCC3EC /* server.c */,
				25EE6EE218F1DBF5000B4389 /* requests.h */,
				25EE6EE318F1DC01000B4389 /* requests.c */,
			);
			name = Webserver;
			sourceTree = "<group>";
		};
		2508912318EC0ADA00F4986A /* Jukebox */ = {
			isa = PBXGroup;
			children = (
				2508912718EC0B9100F4986A /* audio.h */,
				2508912618EC0B9100F4986A /* audio.c */,
				2508913718EC0EEB00F4986A /* jukebox.h */,
				2508912918EC0B9100F4986A /* jukebox.c */,
			);
			name = Jukebox;
			sourceTree = "<group>";
		};
		2508913818EC1DAF00F4986A /* Helper */ = {
			isa = PBXGroup;
			children = (
				2545DC9F18EC7D4D0021C445 /* start */,
				25FA6F7F18EB31B100CCC3EC /* Makefile */,
				25FA6F7918EB31B100CCC3EC /* globals.h */,
				2542BC6E18EDD917004F4982 /* globals.c */,
				2508912D18EC0B9100F4986A /* queue.h */,
				25FD999418F47AF500924199 /* alsa-audio.c */,
				25FA6F7D18EB31B100CCC3EC /* json.h */,
				25FA6F7C18EB31B100CCC3EC /* json.c */,
				2508912F18EC0B9100F4986A /* helper.h */,
				2508912E18EC0B9100F4986A /* helper.c */,
			);
			name = Helper;
			sourceTree = "<group>";
		};
		2542BC7018EDDAE6004F4982 /* Playlist */ = {
			isa = PBXGroup;
			children = (
				2542BC7918EDDBD5004F4982 /* playlist-callbacks.h */,
				2542BC7718EDDBC4004F4982 /* playlist-callbacks.c */,
				2542BC7218EDDB17004F4982 /* container-callbacks.h */,
				2542BC7518EDDB2B004F4982 /* container-callbacks.c */,
			);
			name = Playlist;
			sourceTree = "<group>";
		};
		2545DCA618ED4C7A0021C445 /* Callbacks */ = {
			isa = PBXGroup;
			children = (
				2542BC7018EDDAE6004F4982 /* Playlist */,
				2545DCA218ED4C410021C445 /* sp-callbacks.h */,
				2545DCA018ED4C2F0021C445 /* sp-callbacks.c */,
				2545DCA918ED4D3F0021C445 /* ws-callbacks.h */,
				2545DCA718ED4D270021C445 /* ws-callbacks.c */,
			);
			name = Callbacks;
			sourceTree = "<group>";
		};
		25FA6F6E18EB316E00CCC3EC = {
			isa = PBXGroup;
			children = (
				2508912118EC0A8600F4986A /* Source */,
				25FA6F9418EB4DE900CCC3EC /* Products */,
			);
			sourceTree = "<group>";
		};
		25FA6F9418EB4DE900CCC3EC /* Products */ = {
			isa = PBXGroup;
			children = (
				25FA6F9318EB4DE900CCC3EC /* webserver */,
			);
			name = Products;
			sourceTree = "<group>";
		};
/* End PBXGroup section */

/* Begin PBXNativeTarget section */
		25FA6F9218EB4DE900CCC3EC /* webserver */ = {
			isa = PBXNativeTarget;
			buildConfigurationList = 25FA6F9C18EB4DE900CCC3EC /* Build configuration list for PBXNativeTarget "webserver" */;
			buildPhases = (
				25FA6F8F18EB4DE900CCC3EC /* Sources */,
				25FA6F9018EB4DE900CCC3EC /* Frameworks */,
			);
			buildRules = (
			);
			dependencies = (
			);
			name = webserver;
			productName = "webserver-doc";
			productReference = 25FA6F9318EB4DE900CCC3EC /* webserver */;
			productType = "com.apple.product-type.tool";
		};
/* End PBXNativeTarget section */

/* Begin PBXProject section */
		25FA6F6F18EB316E00CCC3EC /* Project object */ = {
			isa = PBXProject;
			attributes = {
				LastUpgradeCheck = 0510;
				ORGANIZATIONNAME = "Lars Kristian Johansen";
			};
			buildConfigurationList = 25FA6F7218EB316E00CCC3EC /* Build configuration list for PBXProject "webserver" */;
			compatibilityVersion = "Xcode 3.2";
			developmentRegion = English;
			hasScannedForEncodings = 0;
			knownRegions = (
				en,
			);
			mainGroup = 25FA6F6E18EB316E00CCC3EC;
			productRefGroup = 25FA6F9418EB4DE900CCC3EC /* Products */;
			projectDirPath = "";
			projectRoot = "";
			targets = (
				25FA6F9218EB4DE900CCC3EC /* webserver */,
			);
		};
/* End PBXProject section */

/* Begin PBXSourcesBuildPhase section */
		25FA6F8F18EB4DE900CCC3EC /* Sources */ = {
			isa = PBXSourcesBuildPhase;
			buildActionMask = 2147483647;
			files = (
				2542BC7818EDDBC4004F4982 /* playlist-callbacks.c in Sources */,
				2508913118EC0B9100F4986A /* audio.c in Sources */,
				2508913418EC0B9100F4986A /* helper.c in Sources */,
				25FA6FA318EB4E0C00CCC3EC /* main.c in Sources */,
				25FA6FA118EB4E0C00CCC3EC /* diff.c in Sources */,
				2545DCA818ED4D270021C445 /* ws-callbacks.c in Sources */,
				25EE6EE418F1DC01000B4389 /* requests.c in Sources */,
				25FA6FA418EB4E0C00CCC3EC /* server.c in Sources */,
				2542BC6F18EDD917004F4982 /* globals.c in Sources */,
				2542BC7618EDDB2B004F4982 /* container-callbacks.c in Sources */,
				25FA6FA218EB4E0C00CCC3EC /* json.c in Sources */,
				2545DCA118ED4C2F0021C445 /* sp-callbacks.c in Sources */,
				25FD999518F47AF500924199 /* alsa-audio.c in Sources */,
				2508913218EC0B9100F4986A /* jukebox.c in Sources */,
			);
			runOnlyForDeploymentPostprocessing = 0;
		};
/* End PBXSourcesBuildPhase section */

/* Begin XCBuildConfiguration section */
		25FA6F7418EB316E00CCC3EC /* Debug */ = {
			isa = XCBuildConfiguration;
			buildSettings = {
				ALWAYS_SEARCH_USER_PATHS = NO;
				CLANG_CXX_LANGUAGE_STANDARD = "gnu++0x";
				CLANG_CXX_LIBRARY = "libc++";
				CLANG_ENABLE_MODULES = YES;
				CLANG_ENABLE_OBJC_ARC = YES;
				CLANG_WARN_BOOL_CONVERSION = YES;
				CLANG_WARN_CONSTANT_CONVERSION = YES;
				CLANG_WARN_DIRECT_OBJC_ISA_USAGE = YES_ERROR;
				CLANG_WARN_EMPTY_BODY = YES;
				CLANG_WARN_ENUM_CONVERSION = YES;
				CLANG_WARN_INT_CONVERSION = YES;
				CLANG_WARN_OBJC_ROOT_CLASS = YES_ERROR;
				CLANG_WARN__DUPLICATE_METHOD_MATCH = YES;
				COPY_PHASE_STRIP = NO;
				GCC_C_LANGUAGE_STANDARD = gnu99;
				GCC_DYNAMIC_NO_PIC = NO;
				GCC_ENABLE_OBJC_EXCEPTIONS = YES;
				GCC_OPTIMIZATION_LEVEL = 0;
				GCC_PREPROCESSOR_DEFINITIONS = (
					"DEBUG=1",
					"$(inherited)",
				);
				GCC_SYMBOLS_PRIVATE_EXTERN = NO;
				GCC_WARN_64_TO_32_BIT_CONVERSION = YES;
				GCC_WARN_ABOUT_RETURN_TYPE = YES_ERROR;
				GCC_WARN_UNDECLARED_SELECTOR = YES;
				GCC_WARN_UNINITIALIZED_AUTOS = YES_AGGRESSIVE;
				GCC_WARN_UNUSED_FUNCTION = YES;
				GCC_WARN_UNUSED_VARIABLE = YES;
				MACOSX_DEPLOYMENT_TARGET = 10.9;
				ONLY_ACTIVE_ARCH = YES;
				SDKROOT = macosx;
			};
			name = Debug;
		};
		25FA6F7518EB316E00CCC3EC /* Release */ = {
			isa = XCBuildConfiguration;
			buildSettings = {
				ALWAYS_SEARCH_USER_PATHS = NO;
				CLANG_CXX_LANGUAGE_STANDARD = "gnu++0x";
				CLANG_CXX_LIBRARY = "libc++";
				CLANG_ENABLE_MODULES = YES;
				CLANG_ENABLE_OBJC_ARC = YES;
				CLANG_WARN_BOOL_CONVERSION = YES;
				CLANG_WARN_CONSTANT_CONVERSION = YES;
				CLANG_WARN_DIRECT_OBJC_ISA_USAGE = YES_ERROR;
				CLANG_WARN_EMPTY_BODY = YES;
				CLANG_WARN_ENUM_CONVERSION = YES;
				CLANG_WARN_INT_CONVERSION = YES;
				CLANG_WARN_OBJC_ROOT_CLASS = YES_ERROR;
				CLANG_WARN__DUPLICATE_METHOD_MATCH = YES;
				COPY_PHASE_STRIP = YES;
				DEBUG_INFORMATION_FORMAT = "dwarf-with-dsym";
				ENABLE_NS_ASSERTIONS = NO;
				GCC_C_LANGUAGE_STANDARD = gnu99;
				GCC_ENABLE_OBJC_EXCEPTIONS = YES;
				GCC_WARN_64_TO_32_BIT_CONVERSION = YES;
				GCC_WARN_ABOUT_RETURN_TYPE = YES_ERROR;
				GCC_WARN_UNDECLARED_SELECTOR = YES;
				GCC_WARN_UNINITIALIZED_AUTOS = YES_AGGRESSIVE;
				GCC_WARN_UNUSED_FUNCTION = YES;
				GCC_WARN_UNUSED_VARIABLE = YES;
				MACOSX_DEPLOYMENT_TARGET = 10.9;
				SDKROOT = macosx;
			};
			name = Release;
		};
		25FA6F9A18EB4DE900CCC3EC /* Debug */ = {
			isa = XCBuildConfiguration;
			buildSettings = {
				ALWAYS_SEARCH_USER_PATHS = YES;
				FRAMEWORK_SEARCH_PATHS = (
					"$(inherited)",
					"$(LOCAL_LIBRARY_DIR)/Frameworks",
				);
				GCC_PREPROCESSOR_DEFINITIONS = (
					"DEBUG=1",
					"$(inherited)",
				);
				HEADER_SEARCH_PATHS = (
					"$(inherited)",
					/Applications/Xcode.app/Contents/Developer/Toolchains/XcodeDefault.xctoolchain/usr/include,
					/usr/local/include,
					"/usr/local/apr/include/apr-1",
					"/Applications/Xcode.app/Contents/Developer/usr/subversion-1.6/local/include/subversion-1",
				);
				OTHER_LDFLAGS = (
					"-L/usr/local/lib",
					"-L/usr/local/apr/lib",
					"-levent",
					"-levent_pthreads",
					"-ljansson",
					"-lapr-1",
					"-lpthread",
				);
				PRODUCT_NAME = "$(TARGET_NAME)";
			};
			name = Debug;
		};
		25FA6F9B18EB4DE900CCC3EC /* Release */ = {
			isa = XCBuildConfiguration;
			buildSettings = {
				ALWAYS_SEARCH_USER_PATHS = YES;
				FRAMEWORK_SEARCH_PATHS = (
					"$(inherited)",
					"$(LOCAL_LIBRARY_DIR)/Frameworks",
				);
				HEADER_SEARCH_PATHS = (
					"$(inherited)",
					/Applications/Xcode.app/Contents/Developer/Toolchains/XcodeDefault.xctoolchain/usr/include,
					/usr/local/include,
					"/usr/local/apr/include/apr-1",
					"/Applications/Xcode.app/Contents/Developer/usr/subversion-1.6/local/include/subversion-1",
				);
				OTHER_LDFLAGS = (
					"-L/usr/local/lib",
					"-L/usr/local/apr/lib",
					"-levent",
					"-levent_pthreads",
					"-ljansson",
					"-lapr-1",
					"-lpthread",
				);
				PRODUCT_NAME = "$(TARGET_NAME)";
			};
			name = Release;
		};
/* End XCBuildConfiguration section */

/* Begin XCConfigurationList section */
		25FA6F7218EB316E00CCC3EC /* Build configuration list for PBXProject "webserver" */ = {
			isa = XCConfigurationList;
			buildConfigurations = (
				25FA6F7418EB316E00CCC3EC /* Debug */,
				25FA6F7518EB316E00CCC3EC /* Release */,
			);
			defaultConfigurationIsVisible = 0;
			defaultConfigurationName = Release;
		};
		25FA6F9C18EB4DE900CCC3EC /* Build configuration list for PBXNativeTarget "webserver" */ = {
			isa = XCConfigurationList;
			buildConfigurations = (
				25FA6F9A18EB4DE900CCC3EC /* Debug */,
				25FA6F9B18EB4DE900CCC3EC /* Release */,
			);
			defaultConfigurationIsVisible = 0;
			defaultConfigurationName = Release;
		};
/* End XCConfigurationList section */
	};
	rootObject = 25FA6F6F18EB316E00CCC3EC /* Project object */;
}
